
Microsoft Visual Studio Solution File, Format Version 12.00
# Visual Studio Version 16
VisualStudioVersion = 16.0.31025.194
MinimumVisualStudioVersion = 10.0.40219.1
Project("{2150E333-8FDC-42A3-9474-1A3956D46DE8}") = "Core", "Core", "{85803908-32E7-4BA6-BDF6-95CB90325F2C}"
EndProject
Project("{2150E333-8FDC-42A3-9474-1A3956D46DE8}") = "Infrastructure", "Infrastructure", "{5E59E6C0-835B-4BE8-8CAC-5B27CB34AD35}"
EndProject
Project("{2150E333-8FDC-42A3-9474-1A3956D46DE8}") = "WebApi", "WebApi", "{BA2C6BFD-F1EC-4A86-8F08-717A887664DD}"
EndProject
Project("{2150E333-8FDC-42A3-9474-1A3956D46DE8}") = "Application", "Application", "{7EE6E448-C948-484F-82BA-86960783AF9C}"
EndProject
Project("{2150E333-8FDC-42A3-9474-1A3956D46DE8}") = "Domain", "Domain", "{2B5A9A9C-B3A1-4D56-B3E8-67F4A1ADD925}"
EndProject
Project("{2150E333-8FDC-42A3-9474-1A3956D46DE8}") = "Data", "Data", "{6364495E-C11A-4D56-98D0-B4C7E3088B45}"
EndProject
Project("{9A19103F-16F7-4668-BE54-9A1E7A4F7556}") = "Data", "Data\Data.csproj", "{F1B47E4B-EED2-4E82-86CF-38DCF6DFE4AF}"
EndProject
Project("{9A19103F-16F7-4668-BE54-9A1E7A4F7556}") = "Domain", "Domain\Domain.csproj", "{DD13F3F4-807C-49A0-9694-0F618354888F}"
EndProject
Project("{9A19103F-16F7-4668-BE54-9A1E7A4F7556}") = "ExampleApi", "ExampleApi\ExampleApi.csproj", "{1264BF7E-46EA-484D-B8B2-55E41541D9FA}"
EndProject
Project("{9A19103F-16F7-4668-BE54-9A1E7A4F7556}") = "Application", "Application\Application.csproj", "{9D6FEE10-E2CF-4079-8B84-DF6684065C71}"
EndProject
Project("{2150E333-8FDC-42A3-9474-1A3956D46DE8}") = "IoC", "IoC", "{FC99B5EA-B2A3-4CFD-A424-AE5006BDC783}"
EndProject
Project("{9A19103F-16F7-4668-BE54-9A1E7A4F7556}") = "IoC", "IoC\IoC.csproj", "{6FE813D3-8383-4110-BFEE-38CE495EA9FC}"
EndProject
Project("{2150E333-8FDC-42A3-9474-1A3956D46DE8}") = "ApiGateway", "ApiGateway", "{C94C6A40-F3E6-47A4-AFFB-B4CB4AC0FCF7}"
EndProject
Project("{9A19103F-16F7-4668-BE54-9A1E7A4F7556}") = "ApiGateway.Ocelot", "ApiGateway.Ocelot\ApiGateway.Ocelot.csproj", "{B5EEF7FA-DE45-4882-ADFF-41769444776F}"
EndProject
Project("{2150E333-8FDC-42A3-9474-1A3956D46DE8}") = "Authentication", "Authentication", "{03415509-16F1-4A45-A5C9-7A38FD561A7B}"
EndProject
Project("{9A19103F-16F7-4668-BE54-9A1E7A4F7556}") = "Api.Authentication", "Api.Authentication\Api.Authentication.csproj", "{D132E734-57CE-45D5-9A33-D2546B0CA479}"
EndProject
Project("{9A19103F-16F7-4668-BE54-9A1E7A4F7556}") = "ExampleService", "ExampleService\ExampleService.csproj", "{91831A4D-1081-4A95-90DD-6C4006C51640}"
EndProject
Global
	GlobalSection(SolutionConfigurationPlatforms) = preSolution
		Debug|Any CPU = Debug|Any CPU
		Release|Any CPU = Release|Any CPU
	EndGlobalSection
	GlobalSection(ProjectConfigurationPlatforms) = postSolution
		{F1B47E4B-EED2-4E82-86CF-38DCF6DFE4AF}.Debug|Any CPU.ActiveCfg = Debug|Any CPU
		{F1B47E4B-EED2-4E82-86CF-38DCF6DFE4AF}.Debug|Any CPU.Build.0 = Debug|Any CPU
		{F1B47E4B-EED2-4E82-86CF-38DCF6DFE4AF}.Release|Any CPU.ActiveCfg = Release|Any CPU
		{F1B47E4B-EED2-4E82-86CF-38DCF6DFE4AF}.Release|Any CPU.Build.0 = Release|Any CPU
		{DD13F3F4-807C-49A0-9694-0F618354888F}.Debug|Any CPU.ActiveCfg = Debug|Any CPU
		{DD13F3F4-807C-49A0-9694-0F618354888F}.Debug|Any CPU.Build.0 = Debug|Any CPU
		{DD13F3F4-807C-49A0-9694-0F618354888F}.Release|Any CPU.ActiveCfg = Release|Any CPU
		{DD13F3F4-807C-49A0-9694-0F618354888F}.Release|Any CPU.Build.0 = Release|Any CPU
		{1264BF7E-46EA-484D-B8B2-55E41541D9FA}.Debug|Any CPU.ActiveCfg = Debug|Any CPU
		{1264BF7E-46EA-484D-B8B2-55E41541D9FA}.Debug|Any CPU.Build.0 = Debug|Any CPU
		{1264BF7E-46EA-484D-B8B2-55E41541D9FA}.Release|Any CPU.ActiveCfg = Release|Any CPU
		{1264BF7E-46EA-484D-B8B2-55E41541D9FA}.Release|Any CPU.Build.0 = Release|Any CPU
		{9D6FEE10-E2CF-4079-8B84-DF6684065C71}.Debug|Any CPU.ActiveCfg = Debug|Any CPU
		{9D6FEE10-E2CF-4079-8B84-DF6684065C71}.Debug|Any CPU.Build.0 = Debug|Any CPU
		{9D6FEE10-E2CF-4079-8B84-DF6684065C71}.Release|Any CPU.ActiveCfg = Release|Any CPU
		{9D6FEE10-E2CF-4079-8B84-DF6684065C71}.Release|Any CPU.Build.0 = Release|Any CPU
		{6FE813D3-8383-4110-BFEE-38CE495EA9FC}.Debug|Any CPU.ActiveCfg = Debug|Any CPU
		{6FE813D3-8383-4110-BFEE-38CE495EA9FC}.Debug|Any CPU.Build.0 = Debug|Any CPU
		{6FE813D3-8383-4110-BFEE-38CE495EA9FC}.Release|Any CPU.ActiveCfg = Release|Any CPU
		{6FE813D3-8383-4110-BFEE-38CE495EA9FC}.Release|Any CPU.Build.0 = Release|Any CPU
		{B5EEF7FA-DE45-4882-ADFF-41769444776F}.Debug|Any CPU.ActiveCfg = Debug|Any CPU
		{B5EEF7FA-DE45-4882-ADFF-41769444776F}.Debug|Any CPU.Build.0 = Debug|Any CPU
		{B5EEF7FA-DE45-4882-ADFF-41769444776F}.Release|Any CPU.ActiveCfg = Release|Any CPU
		{B5EEF7FA-DE45-4882-ADFF-41769444776F}.Release|Any CPU.Build.0 = Release|Any CPU
		{D132E734-57CE-45D5-9A33-D2546B0CA479}.Debug|Any CPU.ActiveCfg = Debug|Any CPU
		{D132E734-57CE-45D5-9A33-D2546B0CA479}.Debug|Any CPU.Build.0 = Debug|Any CPU
		{D132E734-57CE-45D5-9A33-D2546B0CA479}.Release|Any CPU.ActiveCfg = Release|Any CPU
		{D132E734-57CE-45D5-9A33-D2546B0CA479}.Release|Any CPU.Build.0 = Release|Any CPU
		{91831A4D-1081-4A95-90DD-6C4006C51640}.Debug|Any CPU.ActiveCfg = Debug|Any CPU
		{91831A4D-1081-4A95-90DD-6C4006C51640}.Debug|Any CPU.Build.0 = Debug|Any CPU
		{91831A4D-1081-4A95-90DD-6C4006C51640}.Release|Any CPU.ActiveCfg = Release|Any CPU
		{91831A4D-1081-4A95-90DD-6C4006C51640}.Release|Any CPU.Build.0 = Release|Any CPU
	EndGlobalSection
	GlobalSection(SolutionProperties) = preSolution
		HideSolutionNode = FALSE
	EndGlobalSection
	GlobalSection(NestedProjects) = preSolution
		{7EE6E448-C948-484F-82BA-86960783AF9C} = {85803908-32E7-4BA6-BDF6-95CB90325F2C}
		{2B5A9A9C-B3A1-4D56-B3E8-67F4A1ADD925} = {85803908-32E7-4BA6-BDF6-95CB90325F2C}
		{6364495E-C11A-4D56-98D0-B4C7E3088B45} = {5E59E6C0-835B-4BE8-8CAC-5B27CB34AD35}
		{F1B47E4B-EED2-4E82-86CF-38DCF6DFE4AF} = {6364495E-C11A-4D56-98D0-B4C7E3088B45}
		{DD13F3F4-807C-49A0-9694-0F618354888F} = {2B5A9A9C-B3A1-4D56-B3E8-67F4A1ADD925}
		{1264BF7E-46EA-484D-B8B2-55E41541D9FA} = {BA2C6BFD-F1EC-4A86-8F08-717A887664DD}
		{9D6FEE10-E2CF-4079-8B84-DF6684065C71} = {7EE6E448-C948-484F-82BA-86960783AF9C}
		{FC99B5EA-B2A3-4CFD-A424-AE5006BDC783} = {5E59E6C0-835B-4BE8-8CAC-5B27CB34AD35}
		{6FE813D3-8383-4110-BFEE-38CE495EA9FC} = {FC99B5EA-B2A3-4CFD-A424-AE5006BDC783}
		{B5EEF7FA-DE45-4882-ADFF-41769444776F} = {C94C6A40-F3E6-47A4-AFFB-B4CB4AC0FCF7}
		{D132E734-57CE-45D5-9A33-D2546B0CA479} = {03415509-16F1-4A45-A5C9-7A38FD561A7B}
	EndGlobalSection
	GlobalSection(ExtensibilityGlobals) = postSolution
		SolutionGuid = {21FE2513-1675-4AF9-88E2-A04D82DAA648}
	EndGlobalSection
EndGlobal
